{
    "name": "il2cpp-hacking",
    "lockfileVersion": 2,
    "requires": true,
    "packages": {
        "": {
            "dependencies": {
                "bagbak": "^3.3.2",
                "frida-il2cpp-bridge": "^0.9.0",
                "ts-frida": "file:../ts-frida"
            },
            "devDependencies": {
                "@types/frida-gum": "^17.1.0",
                "@types/node": "^16.4.8",
                "frida-compile": "^16.4.1"
            }
        },
        "../ts-frida": {
            "version": "1.0.5",
            "license": "MIT",
            "devDependencies": {
                "@types/argparse": "^2.0.16",
                "@types/frida-gum": "^18.7.0",
                "@types/node": "^20.12.12",
                "argparse": "^2.0.1",
                "copyfiles": "^2.4.1",
                "del": "^7.1.0",
                "gulp": "^5.0.0",
                "gulp-rename": "^2.0.0",
                "gulp-replace": "^1.1.4",
                "gulp-typescript": "^6.0.0-alpha.1",
                "ts-node": "^10.9.2",
                "ts-patch": "^3.0.2",
                "ts-transformer-inline-file": "^0.2.0",
                "tspc": "^1.1.2"
            }
        },
        "node_modules/@frida/assert": {
            "version": "3.0.2",
            "dev": true,
            "license": "MIT"
        },
        "node_modules/@frida/base64-js": {
            "version": "2.0.3",
            "dev": true,
            "funding": [
                {
                    "type": "github",
                    "url": "https://github.com/sponsors/feross"
                },
                {
                    "type": "patreon",
                    "url": "https://www.patreon.com/feross"
                },
                {
                    "type": "consulting",
                    "url": "https://feross.org/support"
                }
            ],
            "license": "MIT"
        },
        "node_modules/@frida/buffer": {
            "version": "7.0.4",
            "dev": true,
            "funding": [
                {
                    "type": "github",
                    "url": "https://github.com/sponsors/feross"
                },
                {
                    "type": "patreon",
                    "url": "https://www.patreon.com/feross"
                },
                {
                    "type": "consulting",
                    "url": "https://feross.org/support"
                }
            ],
            "license": "MIT",
            "dependencies": {
                "base64-js": "^1.5.1",
                "ieee754": "^1.2.1"
            }
        },
        "node_modules/@frida/crosspath": {
            "version": "3.0.0",
            "dev": true,
            "license": "MIT",
            "dependencies": {
                "@types/node": "^17.0.36"
            },
            "engines": {
                "node": ">=14.9.0"
            }
        },
        "node_modules/@frida/crosspath/node_modules/@types/node": {
            "version": "17.0.45",
            "dev": true,
            "license": "MIT"
        },
        "node_modules/@frida/crypto": {
            "version": "1.0.1",
            "dev": true,
            "license": "MIT"
        },
        "node_modules/@frida/diagnostics_channel": {
            "version": "1.0.0",
            "dev": true,
            "license": "MIT"
        },
        "node_modules/@frida/events": {
            "version": "4.0.4",
            "dev": true,
            "license": "MIT",
            "engines": {
                "node": ">=0.8.x"
            }
        },
        "node_modules/@frida/http": {
            "version": "4.0.2",
            "dev": true,
            "license": "MIT",
            "dependencies": {
                "http-parser-js": "^0.5.3"
            }
        },
        "node_modules/@frida/http-parser-js": {
            "version": "1.0.0",
            "dev": true,
            "license": "MIT"
        },
        "node_modules/@frida/https": {
            "version": "1.0.0",
            "dev": true,
            "license": "MIT"
        },
        "node_modules/@frida/ieee754": {
            "version": "2.0.2",
            "dev": true,
            "funding": [
                {
                    "type": "github",
                    "url": "https://github.com/sponsors/feross"
                },
                {
                    "type": "patreon",
                    "url": "https://www.patreon.com/feross"
                },
                {
                    "type": "consulting",
                    "url": "https://feross.org/support"
                }
            ],
            "license": "BSD-3-Clause"
        },
        "node_modules/@frida/net": {
            "version": "4.0.2",
            "dev": true,
            "license": "MIT"
        },
        "node_modules/@frida/os": {
            "version": "1.0.2",
            "dev": true,
            "license": "MIT"
        },
        "node_modules/@frida/path": {
            "version": "2.0.3",
            "dev": true,
            "license": "MIT"
        },
        "node_modules/@frida/process": {
            "version": "1.2.1",
            "dev": true,
            "license": "MIT"
        },
        "node_modules/@frida/punycode": {
            "version": "3.0.0",
            "dev": true,
            "license": "MIT"
        },
        "node_modules/@frida/querystring": {
            "version": "1.0.0",
            "dev": true,
            "license": "MIT"
        },
        "node_modules/@frida/readable-stream": {
            "version": "4.1.3",
            "dev": true,
            "license": "MIT"
        },
        "node_modules/@frida/reserved-words": {
            "version": "1.0.0",
            "dev": true,
            "license": "MIT"
        },
        "node_modules/@frida/stream": {
            "version": "1.0.2",
            "dev": true,
            "license": "MIT",
            "dependencies": {
                "@frida/readable-stream": "^4.1.3"
            }
        },
        "node_modules/@frida/string_decoder": {
            "version": "2.0.0",
            "dev": true,
            "license": "MIT"
        },
        "node_modules/@frida/terser": {
            "version": "1.0.0",
            "dev": true,
            "license": "BSD-2-Clause",
            "dependencies": {
                "@jridgewell/source-map": "^0.3.2",
                "acorn": "^8.5.0",
                "commander": "^2.20.0",
                "source-map-support": "~0.5.20"
            },
            "bin": {
                "terser": "bin/terser"
            },
            "engines": {
                "node": ">=10"
            }
        },
        "node_modules/@frida/terser/node_modules/commander": {
            "version": "2.20.3",
            "dev": true,
            "license": "MIT"
        },
        "node_modules/@frida/timers": {
            "version": "3.0.0",
            "dev": true,
            "license": "MIT"
        },
        "node_modules/@frida/tty": {
            "version": "1.0.0",
            "dev": true,
            "license": "MIT"
        },
        "node_modules/@frida/url": {
            "version": "1.0.2",
            "dev": true,
            "license": "MIT",
            "dependencies": {
                "@frida/punycode": "^3.0.0",
                "@frida/querystring": "^1.0.0"
            }
        },
        "node_modules/@frida/util": {
            "version": "1.0.3",
            "dev": true,
            "license": "MIT"
        },
        "node_modules/@frida/vm": {
            "version": "2.0.0",
            "dev": true,
            "license": "MIT"
        },
        "node_modules/@jridgewell/gen-mapping": {
            "version": "0.3.5",
            "dev": true,
            "license": "MIT",
            "dependencies": {
                "@jridgewell/set-array": "^1.2.1",
                "@jridgewell/sourcemap-codec": "^1.4.10",
                "@jridgewell/trace-mapping": "^0.3.24"
            },
            "engines": {
                "node": ">=6.0.0"
            }
        },
        "node_modules/@jridgewell/resolve-uri": {
            "version": "3.1.2",
            "dev": true,
            "license": "MIT",
            "engines": {
                "node": ">=6.0.0"
            }
        },
        "node_modules/@jridgewell/set-array": {
            "version": "1.2.1",
            "dev": true,
            "license": "MIT",
            "engines": {
                "node": ">=6.0.0"
            }
        },
        "node_modules/@jridgewell/source-map": {
            "version": "0.3.6",
            "dev": true,
            "license": "MIT",
            "dependencies": {
                "@jridgewell/gen-mapping": "^0.3.5",
                "@jridgewell/trace-mapping": "^0.3.25"
            }
        },
        "node_modules/@jridgewell/sourcemap-codec": {
            "version": "1.4.15",
            "dev": true,
            "license": "MIT"
        },
        "node_modules/@jridgewell/trace-mapping": {
            "version": "0.3.25",
            "dev": true,
            "license": "MIT",
            "dependencies": {
                "@jridgewell/resolve-uri": "^3.1.0",
                "@jridgewell/sourcemap-codec": "^1.4.14"
            }
        },
        "node_modules/@types/frida-gum": {
            "version": "17.3.1",
            "dev": true,
            "license": "MIT"
        },
        "node_modules/@types/node": {
            "version": "16.18.98",
            "dev": true,
            "license": "MIT"
        },
        "node_modules/@xmldom/xmldom": {
            "version": "0.8.10",
            "license": "MIT",
            "engines": {
                "node": ">=10.0.0"
            }
        },
        "node_modules/acorn": {
            "version": "8.11.3",
            "dev": true,
            "license": "MIT",
            "bin": {
                "acorn": "bin/acorn"
            },
            "engines": {
                "node": ">=0.4.0"
            }
        },
        "node_modules/ansi-styles": {
            "version": "4.3.0",
            "license": "MIT",
            "dependencies": {
                "color-convert": "^2.0.1"
            },
            "engines": {
                "node": ">=8"
            },
            "funding": {
                "url": "https://github.com/chalk/ansi-styles?sponsor=1"
            }
        },
        "node_modules/asn1": {
            "version": "0.2.6",
            "license": "MIT",
            "dependencies": {
                "safer-buffer": "~2.1.0"
            }
        },
        "node_modules/bagbak": {
            "version": "3.3.2",
            "license": "MIT",
            "dependencies": {
                "bplist-creator": "^0.1.1",
                "bplist-parser": "^0.3.2",
                "chalk": "^4.0.0",
                "commander": "^5.1.0",
                "frida": "^16.1.10",
                "plist": "^3.0.6",
                "ssh2": "^1.11.0"
            },
            "bin": {
                "bagbak": "bin/bagbak.js"
            },
            "engines": {
                "node": ">=18.0.0"
            }
        },
        "node_modules/bagbak/node_modules/commander": {
            "version": "5.1.0",
            "license": "MIT",
            "engines": {
                "node": ">= 6"
            }
        },
        "node_modules/balanced-match": {
            "version": "1.0.2",
            "license": "MIT"
        },
        "node_modules/base64-js": {
            "version": "1.5.1",
            "funding": [
                {
                    "type": "github",
                    "url": "https://github.com/sponsors/feross"
                },
                {
                    "type": "patreon",
                    "url": "https://www.patreon.com/feross"
                },
                {
                    "type": "consulting",
                    "url": "https://feross.org/support"
                }
            ],
            "license": "MIT"
        },
        "node_modules/bcrypt-pbkdf": {
            "version": "1.0.2",
            "license": "BSD-3-Clause",
            "dependencies": {
                "tweetnacl": "^0.14.3"
            }
        },
        "node_modules/big-integer": {
            "version": "1.6.52",
            "license": "Unlicense",
            "engines": {
                "node": ">=0.6"
            }
        },
        "node_modules/bindings": {
            "version": "1.5.0",
            "license": "MIT",
            "dependencies": {
                "file-uri-to-path": "1.0.0"
            }
        },
        "node_modules/bl": {
            "version": "4.1.0",
            "license": "MIT",
            "dependencies": {
                "buffer": "^5.5.0",
                "inherits": "^2.0.4",
                "readable-stream": "^3.4.0"
            }
        },
        "node_modules/bplist-creator": {
            "version": "0.1.1",
            "license": "MIT",
            "dependencies": {
                "stream-buffers": "2.2.x"
            }
        },
        "node_modules/bplist-parser": {
            "version": "0.3.2",
            "license": "MIT",
            "dependencies": {
                "big-integer": "1.6.x"
            },
            "engines": {
                "node": ">= 5.10.0"
            }
        },
        "node_modules/brace-expansion": {
            "version": "2.0.1",
            "license": "MIT",
            "dependencies": {
                "balanced-match": "^1.0.0"
            }
        },
        "node_modules/buffer": {
            "version": "5.7.1",
            "funding": [
                {
                    "type": "github",
                    "url": "https://github.com/sponsors/feross"
                },
                {
                    "type": "patreon",
                    "url": "https://www.patreon.com/feross"
                },
                {
                    "type": "consulting",
                    "url": "https://feross.org/support"
                }
            ],
            "license": "MIT",
            "dependencies": {
                "base64-js": "^1.3.1",
                "ieee754": "^1.1.13"
            }
        },
        "node_modules/buffer-from": {
            "version": "1.1.2",
            "dev": true,
            "license": "MIT"
        },
        "node_modules/buildcheck": {
            "version": "0.0.6",
            "optional": true,
            "engines": {
                "node": ">=10.0.0"
            }
        },
        "node_modules/chalk": {
            "version": "4.1.2",
            "license": "MIT",
            "dependencies": {
                "ansi-styles": "^4.1.0",
                "supports-color": "^7.1.0"
            },
            "engines": {
                "node": ">=10"
            },
            "funding": {
                "url": "https://github.com/chalk/chalk?sponsor=1"
            }
        },
        "node_modules/chownr": {
            "version": "1.1.4",
            "license": "ISC"
        },
        "node_modules/color-convert": {
            "version": "2.0.1",
            "license": "MIT",
            "dependencies": {
                "color-name": "~1.1.4"
            },
            "engines": {
                "node": ">=7.0.0"
            }
        },
        "node_modules/color-name": {
            "version": "1.1.4",
            "license": "MIT"
        },
        "node_modules/commander": {
            "version": "11.1.0",
            "dev": true,
            "license": "MIT",
            "engines": {
                "node": ">=16"
            }
        },
        "node_modules/cpu-features": {
            "version": "0.0.10",
            "hasInstallScript": true,
            "optional": true,
            "dependencies": {
                "buildcheck": "~0.0.6",
                "nan": "^2.19.0"
            },
            "engines": {
                "node": ">=10.0.0"
            }
        },
        "node_modules/decompress-response": {
            "version": "6.0.0",
            "license": "MIT",
            "dependencies": {
                "mimic-response": "^3.1.0"
            },
            "engines": {
                "node": ">=10"
            },
            "funding": {
                "url": "https://github.com/sponsors/sindresorhus"
            }
        },
        "node_modules/deep-extend": {
            "version": "0.6.0",
            "license": "MIT",
            "engines": {
                "node": ">=4.0.0"
            }
        },
        "node_modules/detect-libc": {
            "version": "2.0.3",
            "license": "Apache-2.0",
            "engines": {
                "node": ">=8"
            }
        },
        "node_modules/end-of-stream": {
            "version": "1.4.4",
            "license": "MIT",
            "dependencies": {
                "once": "^1.4.0"
            }
        },
        "node_modules/expand-template": {
            "version": "2.0.3",
            "license": "(MIT OR WTFPL)",
            "engines": {
                "node": ">=6"
            }
        },
        "node_modules/file-uri-to-path": {
            "version": "1.0.0",
            "license": "MIT"
        },
        "node_modules/frida": {
            "version": "16.3.3",
            "hasInstallScript": true,
            "license": "LGPL-2.0 WITH WxWindows-exception-3.1",
            "dependencies": {
                "bindings": "^1.5.0",
                "minimatch": "^9.0.3",
                "nan": "^2.18.0",
                "prebuild-install": "^7.1.1"
            },
            "engines": {
                "node": ">=8.0.0"
            }
        },
        "node_modules/frida-compile": {
            "version": "16.4.1",
            "dev": true,
            "dependencies": {
                "@frida/assert": "^3.0.1",
                "@frida/base64-js": "^2.0.3",
                "@frida/buffer": "^7.0.4",
                "@frida/crosspath": "^3.0.0",
                "@frida/crypto": "^1.0.1",
                "@frida/diagnostics_channel": "^1.0.0",
                "@frida/events": "^4.0.4",
                "@frida/http": "^4.0.2",
                "@frida/http-parser-js": "^1.0.0",
                "@frida/https": "^1.0.0",
                "@frida/ieee754": "^2.0.2",
                "@frida/net": "^4.0.1",
                "@frida/os": "^1.0.0",
                "@frida/path": "^2.0.3",
                "@frida/process": "^1.2.1",
                "@frida/punycode": "^3.0.0",
                "@frida/querystring": "^1.0.0",
                "@frida/readable-stream": "^4.1.3",
                "@frida/reserved-words": "^1.0.0",
                "@frida/stream": "^1.0.2",
                "@frida/string_decoder": "^2.0.0",
                "@frida/terser": "^1.0.0",
                "@frida/timers": "^3.0.0",
                "@frida/tty": "^1.0.0",
                "@frida/url": "^1.0.2",
                "@frida/util": "^1.0.3",
                "@frida/vm": "^2.0.0",
                "commander": "^11.1.0",
                "frida-fs": "^5.2.3",
                "typed-emitter": "^2.1.0"
            },
            "bin": {
                "frida-compile": "dist/cli.js"
            }
        },
        "node_modules/frida-fs": {
            "version": "5.2.5",
            "dev": true,
            "license": "MIT"
        },
        "node_modules/frida-il2cpp-bridge": {
            "version": "0.9.0",
            "license": "MIT"
        },
        "node_modules/fs-constants": {
            "version": "1.0.0",
            "license": "MIT"
        },
        "node_modules/github-from-package": {
            "version": "0.0.0",
            "license": "MIT"
        },
        "node_modules/has-flag": {
            "version": "4.0.0",
            "license": "MIT",
            "engines": {
                "node": ">=8"
            }
        },
        "node_modules/http-parser-js": {
            "version": "0.5.8",
            "dev": true,
            "license": "MIT"
        },
        "node_modules/ieee754": {
            "version": "1.2.1",
            "funding": [
                {
                    "type": "github",
                    "url": "https://github.com/sponsors/feross"
                },
                {
                    "type": "patreon",
                    "url": "https://www.patreon.com/feross"
                },
                {
                    "type": "consulting",
                    "url": "https://feross.org/support"
                }
            ],
            "license": "BSD-3-Clause"
        },
        "node_modules/inherits": {
            "version": "2.0.4",
            "license": "ISC"
        },
        "node_modules/ini": {
            "version": "1.3.8",
            "license": "ISC"
        },
        "node_modules/mimic-response": {
            "version": "3.1.0",
            "license": "MIT",
            "engines": {
                "node": ">=10"
            },
            "funding": {
                "url": "https://github.com/sponsors/sindresorhus"
            }
        },
        "node_modules/minimatch": {
            "version": "9.0.4",
            "license": "ISC",
            "dependencies": {
                "brace-expansion": "^2.0.1"
            },
            "engines": {
                "node": ">=16 || 14 >=14.17"
            },
            "funding": {
                "url": "https://github.com/sponsors/isaacs"
            }
        },
        "node_modules/minimist": {
            "version": "1.2.8",
            "license": "MIT",
            "funding": {
                "url": "https://github.com/sponsors/ljharb"
            }
        },
        "node_modules/mkdirp-classic": {
            "version": "0.5.3",
            "license": "MIT"
        },
        "node_modules/nan": {
            "version": "2.20.0",
            "license": "MIT"
        },
        "node_modules/napi-build-utils": {
            "version": "1.0.2",
            "license": "MIT"
        },
        "node_modules/node-abi": {
            "version": "3.65.0",
            "license": "MIT",
            "dependencies": {
                "semver": "^7.3.5"
            },
            "engines": {
                "node": ">=10"
            }
        },
        "node_modules/once": {
            "version": "1.4.0",
            "license": "ISC",
            "dependencies": {
                "wrappy": "1"
            }
        },
        "node_modules/plist": {
            "version": "3.1.0",
            "license": "MIT",
            "dependencies": {
                "@xmldom/xmldom": "^0.8.8",
                "base64-js": "^1.5.1",
                "xmlbuilder": "^15.1.1"
            },
            "engines": {
                "node": ">=10.4.0"
            }
        },
        "node_modules/prebuild-install": {
            "version": "7.1.2",
            "license": "MIT",
            "dependencies": {
                "detect-libc": "^2.0.0",
                "expand-template": "^2.0.3",
                "github-from-package": "0.0.0",
                "minimist": "^1.2.3",
                "mkdirp-classic": "^0.5.3",
                "napi-build-utils": "^1.0.1",
                "node-abi": "^3.3.0",
                "pump": "^3.0.0",
                "rc": "^1.2.7",
                "simple-get": "^4.0.0",
                "tar-fs": "^2.0.0",
                "tunnel-agent": "^0.6.0"
            },
            "bin": {
                "prebuild-install": "bin.js"
            },
            "engines": {
                "node": ">=10"
            }
        },
        "node_modules/pump": {
            "version": "3.0.0",
            "license": "MIT",
            "dependencies": {
                "end-of-stream": "^1.1.0",
                "once": "^1.3.1"
            }
        },
        "node_modules/rc": {
            "version": "1.2.8",
            "license": "(BSD-2-Clause OR MIT OR Apache-2.0)",
            "dependencies": {
                "deep-extend": "^0.6.0",
                "ini": "~1.3.0",
                "minimist": "^1.2.0",
                "strip-json-comments": "~2.0.1"
            },
            "bin": {
                "rc": "cli.js"
            }
        },
        "node_modules/readable-stream": {
            "version": "3.6.2",
            "license": "MIT",
            "dependencies": {
                "inherits": "^2.0.3",
                "string_decoder": "^1.1.1",
                "util-deprecate": "^1.0.1"
            },
            "engines": {
                "node": ">= 6"
            }
        },
        "node_modules/rxjs": {
            "version": "7.8.1",
            "dev": true,
            "license": "Apache-2.0",
            "optional": true,
            "dependencies": {
                "tslib": "^2.1.0"
            }
        },
        "node_modules/safe-buffer": {
            "version": "5.2.1",
            "funding": [
                {
                    "type": "github",
                    "url": "https://github.com/sponsors/feross"
                },
                {
                    "type": "patreon",
                    "url": "https://www.patreon.com/feross"
                },
                {
                    "type": "consulting",
                    "url": "https://feross.org/support"
                }
            ],
            "license": "MIT"
        },
        "node_modules/safer-buffer": {
            "version": "2.1.2",
            "license": "MIT"
        },
        "node_modules/semver": {
            "version": "7.6.2",
            "license": "ISC",
            "bin": {
                "semver": "bin/semver.js"
            },
            "engines": {
                "node": ">=10"
            }
        },
        "node_modules/simple-concat": {
            "version": "1.0.1",
            "funding": [
                {
                    "type": "github",
                    "url": "https://github.com/sponsors/feross"
                },
                {
                    "type": "patreon",
                    "url": "https://www.patreon.com/feross"
                },
                {
                    "type": "consulting",
                    "url": "https://feross.org/support"
                }
            ],
            "license": "MIT"
        },
        "node_modules/simple-get": {
            "version": "4.0.1",
            "funding": [
                {
                    "type": "github",
                    "url": "https://github.com/sponsors/feross"
                },
                {
                    "type": "patreon",
                    "url": "https://www.patreon.com/feross"
                },
                {
                    "type": "consulting",
                    "url": "https://feross.org/support"
                }
            ],
            "license": "MIT",
            "dependencies": {
                "decompress-response": "^6.0.0",
                "once": "^1.3.1",
                "simple-concat": "^1.0.0"
            }
        },
        "node_modules/source-map": {
            "version": "0.6.1",
            "dev": true,
            "license": "BSD-3-Clause",
            "engines": {
                "node": ">=0.10.0"
            }
        },
        "node_modules/source-map-support": {
            "version": "0.5.21",
            "dev": true,
            "license": "MIT",
            "dependencies": {
                "buffer-from": "^1.0.0",
                "source-map": "^0.6.0"
            }
        },
        "node_modules/ssh2": {
            "version": "1.15.0",
            "hasInstallScript": true,
            "dependencies": {
                "asn1": "^0.2.6",
                "bcrypt-pbkdf": "^1.0.2"
            },
            "engines": {
                "node": ">=10.16.0"
            },
            "optionalDependencies": {
                "cpu-features": "~0.0.9",
                "nan": "^2.18.0"
            }
        },
        "node_modules/stream-buffers": {
            "version": "2.2.0",
            "license": "Unlicense",
            "engines": {
                "node": ">= 0.10.0"
            }
        },
        "node_modules/string_decoder": {
            "version": "1.3.0",
            "license": "MIT",
            "dependencies": {
                "safe-buffer": "~5.2.0"
            }
        },
        "node_modules/strip-json-comments": {
            "version": "2.0.1",
            "license": "MIT",
            "engines": {
                "node": ">=0.10.0"
            }
        },
        "node_modules/supports-color": {
            "version": "7.2.0",
            "license": "MIT",
            "dependencies": {
                "has-flag": "^4.0.0"
            },
            "engines": {
                "node": ">=8"
            }
        },
        "node_modules/tar-fs": {
            "version": "2.1.1",
            "license": "MIT",
            "dependencies": {
                "chownr": "^1.1.1",
                "mkdirp-classic": "^0.5.2",
                "pump": "^3.0.0",
                "tar-stream": "^2.1.4"
            }
        },
        "node_modules/tar-stream": {
            "version": "2.2.0",
            "license": "MIT",
            "dependencies": {
                "bl": "^4.0.3",
                "end-of-stream": "^1.4.1",
                "fs-constants": "^1.0.0",
                "inherits": "^2.0.3",
                "readable-stream": "^3.1.1"
            },
            "engines": {
                "node": ">=6"
            }
        },
        "node_modules/ts-frida": {
            "resolved": "../ts-frida",
            "link": true
        },
        "node_modules/tslib": {
            "version": "2.6.3",
            "dev": true,
            "license": "0BSD",
            "optional": true
        },
        "node_modules/tunnel-agent": {
            "version": "0.6.0",
            "license": "Apache-2.0",
            "dependencies": {
                "safe-buffer": "^5.0.1"
            },
            "engines": {
                "node": "*"
            }
        },
        "node_modules/tweetnacl": {
            "version": "0.14.5",
            "license": "Unlicense"
        },
        "node_modules/typed-emitter": {
            "version": "2.1.0",
            "dev": true,
            "license": "MIT",
            "optionalDependencies": {
                "rxjs": "*"
            }
        },
        "node_modules/util-deprecate": {
            "version": "1.0.2",
            "license": "MIT"
        },
        "node_modules/wrappy": {
            "version": "1.0.2",
            "license": "ISC"
        },
        "node_modules/xmlbuilder": {
            "version": "15.1.1",
            "license": "MIT",
            "engines": {
                "node": ">=8.0"
            }
        }
    },
    "dependencies": {
        "@frida/assert": {
            "version": "3.0.2",
            "dev": true
        },
        "@frida/base64-js": {
            "version": "2.0.3",
            "dev": true
        },
        "@frida/buffer": {
            "version": "7.0.4",
            "dev": true,
            "requires": {
                "base64-js": "^1.5.1",
                "ieee754": "^1.2.1"
            }
        },
        "@frida/crosspath": {
            "version": "3.0.0",
            "dev": true,
            "requires": {
                "@types/node": "^17.0.36"
            },
            "dependencies": {
                "@types/node": {
                    "version": "17.0.45",
                    "dev": true
                }
            }
        },
        "@frida/crypto": {
            "version": "1.0.1",
            "dev": true
        },
        "@frida/diagnostics_channel": {
            "version": "1.0.0",
            "dev": true
        },
        "@frida/events": {
            "version": "4.0.4",
            "dev": true
        },
        "@frida/http": {
            "version": "4.0.2",
            "dev": true,
            "requires": {
                "http-parser-js": "^0.5.3"
            }
        },
        "@frida/http-parser-js": {
            "version": "1.0.0",
            "dev": true
        },
        "@frida/https": {
            "version": "1.0.0",
            "dev": true
        },
        "@frida/ieee754": {
            "version": "2.0.2",
            "dev": true
        },
        "@frida/net": {
            "version": "4.0.2",
            "dev": true
        },
        "@frida/os": {
            "version": "1.0.2",
            "dev": true
        },
        "@frida/path": {
            "version": "2.0.3",
            "dev": true
        },
        "@frida/process": {
            "version": "1.2.1",
            "dev": true
        },
        "@frida/punycode": {
            "version": "3.0.0",
            "dev": true
        },
        "@frida/querystring": {
            "version": "1.0.0",
            "dev": true
        },
        "@frida/readable-stream": {
            "version": "4.1.3",
            "dev": true
        },
        "@frida/reserved-words": {
            "version": "1.0.0",
            "dev": true
        },
        "@frida/stream": {
            "version": "1.0.2",
            "dev": true,
            "requires": {
                "@frida/readable-stream": "^4.1.3"
            }
        },
        "@frida/string_decoder": {
            "version": "2.0.0",
            "dev": true
        },
        "@frida/terser": {
            "version": "1.0.0",
            "dev": true,
            "requires": {
                "@jridgewell/source-map": "^0.3.2",
                "acorn": "^8.5.0",
                "commander": "^2.20.0",
                "source-map-support": "~0.5.20"
            },
            "dependencies": {
                "commander": {
                    "version": "2.20.3",
                    "dev": true
                }
            }
        },
        "@frida/timers": {
            "version": "3.0.0",
            "dev": true
        },
        "@frida/tty": {
            "version": "1.0.0",
            "dev": true
        },
        "@frida/url": {
            "version": "1.0.2",
            "dev": true,
            "requires": {
                "@frida/punycode": "^3.0.0",
                "@frida/querystring": "^1.0.0"
            }
        },
        "@frida/util": {
            "version": "1.0.3",
            "dev": true
        },
        "@frida/vm": {
            "version": "2.0.0",
            "dev": true
        },
        "@jridgewell/gen-mapping": {
            "version": "0.3.5",
            "dev": true,
            "requires": {
                "@jridgewell/set-array": "^1.2.1",
                "@jridgewell/sourcemap-codec": "^1.4.10",
                "@jridgewell/trace-mapping": "^0.3.24"
            }
        },
        "@jridgewell/resolve-uri": {
            "version": "3.1.2",
            "dev": true
        },
        "@jridgewell/set-array": {
            "version": "1.2.1",
            "dev": true
        },
        "@jridgewell/source-map": {
            "version": "0.3.6",
            "dev": true,
            "requires": {
                "@jridgewell/gen-mapping": "^0.3.5",
                "@jridgewell/trace-mapping": "^0.3.25"
            }
        },
        "@jridgewell/sourcemap-codec": {
            "version": "1.4.15",
            "dev": true
        },
        "@jridgewell/trace-mapping": {
            "version": "0.3.25",
            "dev": true,
            "requires": {
                "@jridgewell/resolve-uri": "^3.1.0",
                "@jridgewell/sourcemap-codec": "^1.4.14"
            }
        },
        "@types/frida-gum": {
            "version": "17.3.1",
            "dev": true
        },
        "@types/node": {
            "version": "16.18.98",
            "dev": true
        },
        "@xmldom/xmldom": {
            "version": "0.8.10"
        },
        "acorn": {
            "version": "8.11.3",
            "dev": true
        },
        "ansi-styles": {
            "version": "4.3.0",
            "requires": {
                "color-convert": "^2.0.1"
            }
        },
        "asn1": {
            "version": "0.2.6",
            "requires": {
                "safer-buffer": "~2.1.0"
            }
        },
        "bagbak": {
            "version": "3.3.2",
            "requires": {
                "bplist-creator": "^0.1.1",
                "bplist-parser": "^0.3.2",
                "chalk": "^4.0.0",
                "commander": "^5.1.0",
                "frida": "^16.1.10",
                "plist": "^3.0.6",
                "ssh2": "^1.11.0"
            },
            "dependencies": {
                "commander": {
                    "version": "5.1.0"
                }
            }
        },
        "balanced-match": {
            "version": "1.0.2"
        },
        "base64-js": {
            "version": "1.5.1"
        },
        "bcrypt-pbkdf": {
            "version": "1.0.2",
            "requires": {
                "tweetnacl": "^0.14.3"
            }
        },
        "big-integer": {
            "version": "1.6.52"
        },
        "bindings": {
            "version": "1.5.0",
            "requires": {
                "file-uri-to-path": "1.0.0"
            }
        },
        "bl": {
            "version": "4.1.0",
            "requires": {
                "buffer": "^5.5.0",
                "inherits": "^2.0.4",
                "readable-stream": "^3.4.0"
            }
        },
        "bplist-creator": {
            "version": "0.1.1",
            "requires": {
                "stream-buffers": "2.2.x"
            }
        },
        "bplist-parser": {
            "version": "0.3.2",
            "requires": {
                "big-integer": "1.6.x"
            }
        },
        "brace-expansion": {
            "version": "2.0.1",
            "requires": {
                "balanced-match": "^1.0.0"
            }
        },
        "buffer": {
            "version": "5.7.1",
            "requires": {
                "base64-js": "^1.3.1",
                "ieee754": "^1.1.13"
            }
        },
        "buffer-from": {
            "version": "1.1.2",
            "dev": true
        },
        "buildcheck": {
            "version": "0.0.6",
            "optional": true
        },
        "chalk": {
            "version": "4.1.2",
            "requires": {
                "ansi-styles": "^4.1.0",
                "supports-color": "^7.1.0"
            }
        },
        "chownr": {
            "version": "1.1.4"
        },
        "color-convert": {
            "version": "2.0.1",
            "requires": {
                "color-name": "~1.1.4"
            }
        },
        "color-name": {
            "version": "1.1.4"
        },
        "commander": {
            "version": "11.1.0",
            "dev": true
        },
        "cpu-features": {
            "version": "0.0.10",
            "optional": true,
            "requires": {
                "buildcheck": "~0.0.6",
                "nan": "^2.19.0"
            }
        },
        "decompress-response": {
            "version": "6.0.0",
            "requires": {
                "mimic-response": "^3.1.0"
            }
        },
        "deep-extend": {
            "version": "0.6.0"
        },
        "detect-libc": {
            "version": "2.0.3"
        },
        "end-of-stream": {
            "version": "1.4.4",
            "requires": {
                "once": "^1.4.0"
            }
        },
        "expand-template": {
            "version": "2.0.3"
        },
        "file-uri-to-path": {
            "version": "1.0.0"
        },
        "frida": {
            "version": "16.3.3",
            "requires": {
                "bindings": "^1.5.0",
                "minimatch": "^9.0.3",
                "nan": "^2.18.0",
                "prebuild-install": "^7.1.1"
            }
        },
        "frida-compile": {
            "version": "16.4.1",
            "dev": true,
            "requires": {
                "@frida/assert": "^3.0.1",
                "@frida/base64-js": "^2.0.3",
                "@frida/buffer": "^7.0.4",
                "@frida/crosspath": "^3.0.0",
                "@frida/crypto": "^1.0.1",
                "@frida/diagnostics_channel": "^1.0.0",
                "@frida/events": "^4.0.4",
                "@frida/http": "^4.0.2",
                "@frida/http-parser-js": "^1.0.0",
                "@frida/https": "^1.0.0",
                "@frida/ieee754": "^2.0.2",
                "@frida/net": "^4.0.1",
                "@frida/os": "^1.0.0",
                "@frida/path": "^2.0.3",
                "@frida/process": "^1.2.1",
                "@frida/punycode": "^3.0.0",
                "@frida/querystring": "^1.0.0",
                "@frida/readable-stream": "^4.1.3",
                "@frida/reserved-words": "^1.0.0",
                "@frida/stream": "^1.0.2",
                "@frida/string_decoder": "^2.0.0",
                "@frida/terser": "^1.0.0",
                "@frida/timers": "^3.0.0",
                "@frida/tty": "^1.0.0",
                "@frida/url": "^1.0.2",
                "@frida/util": "^1.0.3",
                "@frida/vm": "^2.0.0",
                "commander": "^11.1.0",
                "frida-fs": "^5.2.3",
                "typed-emitter": "^2.1.0"
            }
        },
        "frida-fs": {
            "version": "5.2.5",
            "dev": true
        },
        "frida-il2cpp-bridge": {
            "version": "0.9.0"
        },
        "fs-constants": {
            "version": "1.0.0"
        },
        "github-from-package": {
            "version": "0.0.0"
        },
        "has-flag": {
            "version": "4.0.0"
        },
        "http-parser-js": {
            "version": "0.5.8",
            "dev": true
        },
        "ieee754": {
            "version": "1.2.1"
        },
        "inherits": {
            "version": "2.0.4"
        },
        "ini": {
            "version": "1.3.8"
        },
        "mimic-response": {
            "version": "3.1.0"
        },
        "minimatch": {
            "version": "9.0.4",
            "requires": {
                "brace-expansion": "^2.0.1"
            }
        },
        "minimist": {
            "version": "1.2.8"
        },
        "mkdirp-classic": {
            "version": "0.5.3"
        },
        "nan": {
            "version": "2.20.0"
        },
        "napi-build-utils": {
            "version": "1.0.2"
        },
        "node-abi": {
            "version": "3.65.0",
            "requires": {
                "semver": "^7.3.5"
            }
        },
        "once": {
            "version": "1.4.0",
            "requires": {
                "wrappy": "1"
            }
        },
        "plist": {
            "version": "3.1.0",
            "requires": {
                "@xmldom/xmldom": "^0.8.8",
                "base64-js": "^1.5.1",
                "xmlbuilder": "^15.1.1"
            }
        },
        "prebuild-install": {
            "version": "7.1.2",
            "requires": {
                "detect-libc": "^2.0.0",
                "expand-template": "^2.0.3",
                "github-from-package": "0.0.0",
                "minimist": "^1.2.3",
                "mkdirp-classic": "^0.5.3",
                "napi-build-utils": "^1.0.1",
                "node-abi": "^3.3.0",
                "pump": "^3.0.0",
                "rc": "^1.2.7",
                "simple-get": "^4.0.0",
                "tar-fs": "^2.0.0",
                "tunnel-agent": "^0.6.0"
            }
        },
        "pump": {
            "version": "3.0.0",
            "requires": {
                "end-of-stream": "^1.1.0",
                "once": "^1.3.1"
            }
        },
        "rc": {
            "version": "1.2.8",
            "requires": {
                "deep-extend": "^0.6.0",
                "ini": "~1.3.0",
                "minimist": "^1.2.0",
                "strip-json-comments": "~2.0.1"
            }
        },
        "readable-stream": {
            "version": "3.6.2",
            "requires": {
                "inherits": "^2.0.3",
                "string_decoder": "^1.1.1",
                "util-deprecate": "^1.0.1"
            }
        },
        "rxjs": {
            "version": "7.8.1",
            "dev": true,
            "optional": true,
            "requires": {
                "tslib": "^2.1.0"
            }
        },
        "safe-buffer": {
            "version": "5.2.1"
        },
        "safer-buffer": {
            "version": "2.1.2"
        },
        "semver": {
            "version": "7.6.2"
        },
        "simple-concat": {
            "version": "1.0.1"
        },
        "simple-get": {
            "version": "4.0.1",
            "requires": {
                "decompress-response": "^6.0.0",
                "once": "^1.3.1",
                "simple-concat": "^1.0.0"
            }
        },
        "source-map": {
            "version": "0.6.1",
            "dev": true
        },
        "source-map-support": {
            "version": "0.5.21",
            "dev": true,
            "requires": {
                "buffer-from": "^1.0.0",
                "source-map": "^0.6.0"
            }
        },
        "ssh2": {
            "version": "1.15.0",
            "requires": {
                "asn1": "^0.2.6",
                "bcrypt-pbkdf": "^1.0.2",
                "cpu-features": "~0.0.9",
                "nan": "^2.18.0"
            }
        },
        "stream-buffers": {
            "version": "2.2.0"
        },
        "string_decoder": {
            "version": "1.3.0",
            "requires": {
                "safe-buffer": "~5.2.0"
            }
        },
        "strip-json-comments": {
            "version": "2.0.1"
        },
        "supports-color": {
            "version": "7.2.0",
            "requires": {
                "has-flag": "^4.0.0"
            }
        },
        "tar-fs": {
            "version": "2.1.1",
            "requires": {
                "chownr": "^1.1.1",
                "mkdirp-classic": "^0.5.2",
                "pump": "^3.0.0",
                "tar-stream": "^2.1.4"
            }
        },
        "tar-stream": {
            "version": "2.2.0",
            "requires": {
                "bl": "^4.0.3",
                "end-of-stream": "^1.4.1",
                "fs-constants": "^1.0.0",
                "inherits": "^2.0.3",
                "readable-stream": "^3.1.1"
            }
        },
        "ts-frida": {
            "version": "file:../ts-frida",
            "requires": {
                "@types/argparse": "^2.0.16",
                "@types/frida-gum": "^18.7.0",
                "@types/node": "^20.12.12",
                "argparse": "^2.0.1",
                "copyfiles": "^2.4.1",
                "del": "^7.1.0",
                "gulp": "^5.0.0",
                "gulp-rename": "^2.0.0",
                "gulp-replace": "^1.1.4",
                "gulp-typescript": "^6.0.0-alpha.1",
                "ts-node": "^10.9.2",
                "ts-patch": "^3.0.2",
                "ts-transformer-inline-file": "^0.2.0",
                "tspc": "^1.1.2"
            }
        },
        "tslib": {
            "version": "2.6.3",
            "dev": true,
            "optional": true
        },
        "tunnel-agent": {
            "version": "0.6.0",
            "requires": {
                "safe-buffer": "^5.0.1"
            }
        },
        "tweetnacl": {
            "version": "0.14.5"
        },
        "typed-emitter": {
            "version": "2.1.0",
            "dev": true,
            "requires": {
                "rxjs": "*"
            }
        },
        "util-deprecate": {
            "version": "1.0.2"
        },
        "wrappy": {
            "version": "1.0.2"
        },
        "xmlbuilder": {
            "version": "15.1.1"
        }
    }
}
